{
    __meta__ = {
        version = "1.0"
    },
    ["windows|x64"] = {
        ["cmake#f56260b5"] = {
            repo = {
                branch = "master",
                commit = "1b715ade8aafea2eb820e395b626df1aa507c229",
                url = "https://gitlab.com/tboox/xmake-repo.git"
            },
            version = "4.2.1"
        },
        ["directxmath 2024.02#f56260b5"] = {
            repo = {
                branch = "master",
                commit = "9fe3160a72d009a91d393d029b8b872b6fc52cfc",
                url = "https://gitlab.com/tboox/xmake-repo.git"
            },
            version = "2024.02"
        },
        ["directxtk 24.2.0#f56260b5"] = {
            repo = {
                branch = "master",
                commit = "9fe3160a72d009a91d393d029b8b872b6fc52cfc",
                url = "https://gitlab.com/tboox/xmake-repo.git"
            },
            version = "24.2.0"
        },
        ["ninja#f56260b5"] = {
            repo = {
                branch = "master",
                commit = "1b715ade8aafea2eb820e395b626df1aa507c229",
                url = "https://gitlab.com/tboox/xmake-repo.git"
            },
            version = "1.12.1"
        },
        ["rapidcsv v8.92#f56260b5"] = {
            repo = {
                branch = "master",
                commit = "9fe3160a72d009a91d393d029b8b872b6fc52cfc",
                url = "https://gitlab.com/tboox/xmake-repo.git"
            },
            version = "v8.92"
        },
        ["spdlog v1.16.0#09c8c173"] = {
            repo = {
                branch = "master",
                commit = "9fe3160a72d009a91d393d029b8b872b6fc52cfc",
                url = "https://gitlab.com/tboox/xmake-repo.git"
            },
            version = "v1.16.0"
        }
    }
}